
Microsoft Visual Studio Solution File, Format Version 12.00
# Visual Studio Version 17
VisualStudioVersion = 17.3.32901.215
MinimumVisualStudioVersion = 10.0.40219.1
Project("{FAE04EC0-301F-11D3-BF4B-00C04F79EFBC}") = "toplam", "toplam\toplam.csproj", "{1CB16623-66B4-4B6D-8E69-9AB479528BC6}"
EndProject
Global
	GlobalSection(SolutionConfigurationPlatforms) = preSolution
		Debug|Any CPU = Debug|Any CPU
		Release|Any CPU = Release|Any CPU
	EndGlobalSection
	GlobalSection(ProjectConfigurationPlatforms) = postSolution
		{1CB16623-66B4-4B6D-8E69-9AB479528BC6}.Debug|Any CPU.ActiveCfg = Debug|Any CPU
		{1CB16623-66B4-4B6D-8E69-9AB479528BC6}.Debug|Any CPU.Build.0 = Debug|Any CPU
		{1CB16623-66B4-4B6D-8E69-9AB479528BC6}.Release|Any CPU.ActiveCfg = Release|Any CPU
		{1CB16623-66B4-4B6D-8E69-9AB479528BC6}.Release|Any CPU.Build.0 = Release|Any CPU
	EndGlobalSection
	GlobalSection(SolutionProperties) = preSolution
		HideSolutionNode = FALSE
	EndGlobalSection
	GlobalSection(ExtensibilityGlobals) = postSolution
		SolutionGuid = {A907DCA7-03CA-4238-B81C-20B9B86835B6}
	EndGlobalSection
EndGlobal
